// !$*UTF8*$!
{
	archiveVersion = 1;
	classes = {
	};
	objectVersion = 56;
	objects = {

/* Begin PBXBuildFile section */
		83B88654294BD9E700A50320 /* Tinder_CloneApp.swift in Sources */ = {isa = PBXBuildFile; fileRef = 83B88653294BD9E700A50320 /* Tinder_CloneApp.swift */; };
		83B88656294BD9E700A50320 /* ContentView.swift in Sources */ = {isa = PBXBuildFile; fileRef = 83B88655294BD9E700A50320 /* ContentView.swift */; };
		83B88658294BD9EA00A50320 /* Assets.xcassets in Resources */ = {isa = PBXBuildFile; fileRef = 83B88657294BD9EA00A50320 /* Assets.xcassets */; };
		83B8865B294BD9EA00A50320 /* Preview Assets.xcassets in Resources */ = {isa = PBXBuildFile; fileRef = 83B8865A294BD9EA00A50320 /* Preview Assets.xcassets */; };
		83B88662294BE06500A50320 /* MainView.swift in Sources */ = {isa = PBXBuildFile; fileRef = 83B88661294BE06500A50320 /* MainView.swift */; };
		83B88664294BE28100A50320 /* TabBarButtonView.swift in Sources */ = {isa = PBXBuildFile; fileRef = 83B88663294BE28100A50320 /* TabBarButtonView.swift */; };
		83B88666294BE60900A50320 /* AppStateManager.swift in Sources */ = {isa = PBXBuildFile; fileRef = 83B88665294BE60900A50320 /* AppStateManager.swift */; };
		83B88668294BE7E800A50320 /* Extensions.swift in Sources */ = {isa = PBXBuildFile; fileRef = 83B88667294BE7E800A50320 /* Extensions.swift */; };
		83B8866E294CE85600A50320 /* ProfileView.swift in Sources */ = {isa = PBXBuildFile; fileRef = 83B8866D294CE85600A50320 /* ProfileView.swift */; };
		83B88670294CE97B00A50320 /* RoundedImage.swift in Sources */ = {isa = PBXBuildFile; fileRef = 83B8866F294CE97B00A50320 /* RoundedImage.swift */; };
		83B88673294CE9C000A50320 /* Kingfisher in Frameworks */ = {isa = PBXBuildFile; productRef = 83B88672294CE9C000A50320 /* Kingfisher */; };
		83B88676294CF2ED00A50320 /* ProfileSwipePromo.swift in Sources */ = {isa = PBXBuildFile; fileRef = 83B88675294CF2ED00A50320 /* ProfileSwipePromo.swift */; };
		83B88678294D0AA900A50320 /* Message.swift in Sources */ = {isa = PBXBuildFile; fileRef = 83B88677294D0AA900A50320 /* Message.swift */; };
		83B8867B294D131900A50320 /* Person.swift in Sources */ = {isa = PBXBuildFile; fileRef = 83B8867A294D131900A50320 /* Person.swift */; };
		83B8867D294D25B000A50320 /* MessagePreview.swift in Sources */ = {isa = PBXBuildFile; fileRef = 83B8867C294D25B000A50320 /* MessagePreview.swift */; };
		83B8867F294D266800A50320 /* MessageView.swift in Sources */ = {isa = PBXBuildFile; fileRef = 83B8867E294D266800A50320 /* MessageView.swift */; };
		83B88682294D470700A50320 /* ChatView.swift in Sources */ = {isa = PBXBuildFile; fileRef = 83B88681294D470700A50320 /* ChatView.swift */; };
		83B88684294D477000A50320 /* ChatManager.swift in Sources */ = {isa = PBXBuildFile; fileRef = 83B88683294D477000A50320 /* ChatManager.swift */; };
		83B88686294D498D00A50320 /* ChatViewHeader.swift in Sources */ = {isa = PBXBuildFile; fileRef = 83B88685294D498D00A50320 /* ChatViewHeader.swift */; };
		83B8868A294D811A00A50320 /* MessageListView.swift in Sources */ = {isa = PBXBuildFile; fileRef = 83B88689294D811A00A50320 /* MessageListView.swift */; };
		83B8868C294D814E00A50320 /* MessageListVM.swift in Sources */ = {isa = PBXBuildFile; fileRef = 83B8868B294D814E00A50320 /* MessageListVM.swift */; };
		83B8868E294D9AEE00A50320 /* MessageRowView.swift in Sources */ = {isa = PBXBuildFile; fileRef = 83B8868D294D9AEE00A50320 /* MessageRowView.swift */; };
		83B88690294E436300A50320 /* UserManager.swift in Sources */ = {isa = PBXBuildFile; fileRef = 83B8868F294E436300A50320 /* UserManager.swift */; };
		83B88692294E43B400A50320 /* User.swift in Sources */ = {isa = PBXBuildFile; fileRef = 83B88691294E43B400A50320 /* User.swift */; };
		83B88694294E457000A50320 /* LikesView.swift in Sources */ = {isa = PBXBuildFile; fileRef = 83B88693294E457000A50320 /* LikesView.swift */; };
		83B88697294E49B200A50320 /* PersonSquare.swift in Sources */ = {isa = PBXBuildFile; fileRef = 83B88696294E49B200A50320 /* PersonSquare.swift */; };
		83B88699294EB58800A50320 /* TopPicksView.swift in Sources */ = {isa = PBXBuildFile; fileRef = 83B88698294EB58800A50320 /* TopPicksView.swift */; };
		83B8869B294EB6AE00A50320 /* MatchesView.swift in Sources */ = {isa = PBXBuildFile; fileRef = 83B8869A294EB6AE00A50320 /* MatchesView.swift */; };
		83B8869D2950085200A50320 /* PurchasePopup.swift in Sources */ = {isa = PBXBuildFile; fileRef = 83B8869C2950085200A50320 /* PurchasePopup.swift */; };
		83CA44A329513133000BDC93 /* PurchaseSwipePromo.swift in Sources */ = {isa = PBXBuildFile; fileRef = 83CA44A229513133000BDC93 /* PurchaseSwipePromo.swift */; };
		83CA44A6295132F9000BDC93 /* PurchaseOptionView.swift in Sources */ = {isa = PBXBuildFile; fileRef = 83CA44A5295132F9000BDC93 /* PurchaseOptionView.swift */; };
		83CA44A829513403000BDC93 /* Subscription.swift in Sources */ = {isa = PBXBuildFile; fileRef = 83CA44A729513403000BDC93 /* Subscription.swift */; };
		83CA44AA29513C72000BDC93 /* RoundedCorner.swift in Sources */ = {isa = PBXBuildFile; fileRef = 83CA44A929513C72000BDC93 /* RoundedCorner.swift */; };
/* End PBXBuildFile section */

/* Begin PBXFileReference section */
		83B88650294BD9E700A50320 /* Tinder Clone.app */ = {isa = PBXFileReference; explicitFileType = wrapper.application; includeInIndex = 0; path = "Tinder Clone.app"; sourceTree = BUILT_PRODUCTS_DIR; };
		83B88653294BD9E700A50320 /* Tinder_CloneApp.swift */ = {isa = PBXFileReference; lastKnownFileType = sourcecode.swift; path = Tinder_CloneApp.swift; sourceTree = "<group>"; };
		83B88655294BD9E700A50320 /* ContentView.swift */ = {isa = PBXFileReference; lastKnownFileType = sourcecode.swift; path = ContentView.swift; sourceTree = "<group>"; };
		83B88657294BD9EA00A50320 /* Assets.xcassets */ = {isa = PBXFileReference; lastKnownFileType = folder.assetcatalog; path = Assets.xcassets; sourceTree = "<group>"; };
		83B8865A294BD9EA00A50320 /* Preview Assets.xcassets */ = {isa = PBXFileReference; lastKnownFileType = folder.assetcatalog; path = "Preview Assets.xcassets"; sourceTree = "<group>"; };
		83B88661294BE06500A50320 /* MainView.swift */ = {isa = PBXFileReference; lastKnownFileType = sourcecode.swift; path = MainView.swift; sourceTree = "<group>"; };
		83B88663294BE28100A50320 /* TabBarButtonView.swift */ = {isa = PBXFileReference; lastKnownFileType = sourcecode.swift; path = TabBarButtonView.swift; sourceTree = "<group>"; };
		83B88665294BE60900A50320 /* AppStateManager.swift */ = {isa = PBXFileReference; lastKnownFileType = sourcecode.swift; path = AppStateManager.swift; sourceTree = "<group>"; };
		83B88667294BE7E800A50320 /* Extensions.swift */ = {isa = PBXFileReference; lastKnownFileType = sourcecode.swift; path = Extensions.swift; sourceTree = "<group>"; };
		83B8866D294CE85600A50320 /* ProfileView.swift */ = {isa = PBXFileReference; lastKnownFileType = sourcecode.swift; path = ProfileView.swift; sourceTree = "<group>"; };
		83B8866F294CE97B00A50320 /* RoundedImage.swift */ = {isa = PBXFileReference; lastKnownFileType = sourcecode.swift; path = RoundedImage.swift; sourceTree = "<group>"; };
		83B88675294CF2ED00A50320 /* ProfileSwipePromo.swift */ = {isa = PBXFileReference; lastKnownFileType = sourcecode.swift; path = ProfileSwipePromo.swift; sourceTree = "<group>"; };
		83B88677294D0AA900A50320 /* Message.swift */ = {isa = PBXFileReference; lastKnownFileType = sourcecode.swift; path = Message.swift; sourceTree = "<group>"; };
		83B8867A294D131900A50320 /* Person.swift */ = {isa = PBXFileReference; lastKnownFileType = sourcecode.swift; path = Person.swift; sourceTree = "<group>"; };
		83B8867C294D25B000A50320 /* MessagePreview.swift */ = {isa = PBXFileReference; lastKnownFileType = sourcecode.swift; path = MessagePreview.swift; sourceTree = "<group>"; };
		83B8867E294D266800A50320 /* MessageView.swift */ = {isa = PBXFileReference; lastKnownFileType = sourcecode.swift; path = MessageView.swift; sourceTree = "<group>"; };
		83B88681294D470700A50320 /* ChatView.swift */ = {isa = PBXFileReference; lastKnownFileType = sourcecode.swift; path = ChatView.swift; sourceTree = "<group>"; };
		83B88683294D477000A50320 /* ChatManager.swift */ = {isa = PBXFileReference; lastKnownFileType = sourcecode.swift; path = ChatManager.swift; sourceTree = "<group>"; };
		83B88685294D498D00A50320 /* ChatViewHeader.swift */ = {isa = PBXFileReference; lastKnownFileType = sourcecode.swift; path = ChatViewHeader.swift; sourceTree = "<group>"; };
		83B88689294D811A00A50320 /* MessageListView.swift */ = {isa = PBXFileReference; lastKnownFileType = sourcecode.swift; path = MessageListView.swift; sourceTree = "<group>"; };
		83B8868B294D814E00A50320 /* MessageListVM.swift */ = {isa = PBXFileReference; lastKnownFileType = sourcecode.swift; path = MessageListVM.swift; sourceTree = "<group>"; };
		83B8868D294D9AEE00A50320 /* MessageRowView.swift */ = {isa = PBXFileReference; lastKnownFileType = sourcecode.swift; path = MessageRowView.swift; sourceTree = "<group>"; };
		83B8868F294E436300A50320 /* UserManager.swift */ = {isa = PBXFileReference; lastKnownFileType = sourcecode.swift; path = UserManager.swift; sourceTree = "<group>"; };
		83B88691294E43B400A50320 /* User.swift */ = {isa = PBXFileReference; lastKnownFileType = sourcecode.swift; path = User.swift; sourceTree = "<group>"; };
		83B88693294E457000A50320 /* LikesView.swift */ = {isa = PBXFileReference; lastKnownFileType = sourcecode.swift; path = LikesView.swift; sourceTree = "<group>"; };
		83B88696294E49B200A50320 /* PersonSquare.swift */ = {isa = PBXFileReference; lastKnownFileType = sourcecode.swift; path = PersonSquare.swift; sourceTree = "<group>"; };
		83B88698294EB58800A50320 /* TopPicksView.swift */ = {isa = PBXFileReference; lastKnownFileType = sourcecode.swift; path = TopPicksView.swift; sourceTree = "<group>"; };
		83B8869A294EB6AE00A50320 /* MatchesView.swift */ = {isa = PBXFileReference; lastKnownFileType = sourcecode.swift; path = MatchesView.swift; sourceTree = "<group>"; };
		83B8869C2950085200A50320 /* PurchasePopup.swift */ = {isa = PBXFileReference; lastKnownFileType = sourcecode.swift; path = PurchasePopup.swift; sourceTree = "<group>"; };
		83CA44A229513133000BDC93 /* PurchaseSwipePromo.swift */ = {isa = PBXFileReference; lastKnownFileType = sourcecode.swift; path = PurchaseSwipePromo.swift; sourceTree = "<group>"; };
		83CA44A5295132F9000BDC93 /* PurchaseOptionView.swift */ = {isa = PBXFileReference; lastKnownFileType = sourcecode.swift; path = PurchaseOptionView.swift; sourceTree = "<group>"; };
		83CA44A729513403000BDC93 /* Subscription.swift */ = {isa = PBXFileReference; lastKnownFileType = sourcecode.swift; path = Subscription.swift; sourceTree = "<group>"; };
		83CA44A929513C72000BDC93 /* RoundedCorner.swift */ = {isa = PBXFileReference; lastKnownFileType = sourcecode.swift; path = RoundedCorner.swift; sourceTree = "<group>"; };
/* End PBXFileReference section */

/* Begin PBXFrameworksBuildPhase section */
		83B8864D294BD9E700A50320 /* Frameworks */ = {
			isa = PBXFrameworksBuildPhase;
			buildActionMask = 2147483647;
			files = (
				83B88673294CE9C000A50320 /* Kingfisher in Frameworks */,
			);
			runOnlyForDeploymentPostprocessing = 0;
		};
/* End PBXFrameworksBuildPhase section */

/* Begin PBXGroup section */
		83B88647294BD9E700A50320 = {
			isa = PBXGroup;
			children = (
				83B88652294BD9E700A50320 /* Tinder Clone */,
				83B88651294BD9E700A50320 /* Products */,
			);
			sourceTree = "<group>";
		};
		83B88651294BD9E700A50320 /* Products */ = {
			isa = PBXGroup;
			children = (
				83B88650294BD9E700A50320 /* Tinder Clone.app */,
			);
			name = Products;
			sourceTree = "<group>";
		};
		83B88652294BD9E700A50320 /* Tinder Clone */ = {
			isa = PBXGroup;
			children = (
				83B88653294BD9E700A50320 /* Tinder_CloneApp.swift */,
				83B88655294BD9E700A50320 /* ContentView.swift */,
				83B88665294BE60900A50320 /* AppStateManager.swift */,
				83B8868F294E436300A50320 /* UserManager.swift */,
				83B88669294C046600A50320 /* MainTabBar */,
				83B8866C294CE7F600A50320 /* Profile */,
				83B88680294D266C00A50320 /* Messages */,
				83B88695294E457500A50320 /* MatchesView */,
				83B8869E2950085700A50320 /* Popups */,
				83B88679294D0AB700A50320 /* Model */,
				83B88674294CEAE200A50320 /* HelperViews */,
				83B88657294BD9EA00A50320 /* Assets.xcassets */,
				83B88659294BD9EA00A50320 /* Preview Content */,
				83CA44AB29513C79000BDC93 /* Extensions */,
			);
			path = "Tinder Clone";
			sourceTree = "<group>";
		};
		83B88659294BD9EA00A50320 /* Preview Content */ = {
			isa = PBXGroup;
			children = (
				83B8865A294BD9EA00A50320 /* Preview Assets.xcassets */,
			);
			path = "Preview Content";
			sourceTree = "<group>";
		};
		83B88669294C046600A50320 /* MainTabBar */ = {
			isa = PBXGroup;
			children = (
				83B88661294BE06500A50320 /* MainView.swift */,
				83B88663294BE28100A50320 /* TabBarButtonView.swift */,
			);
			path = MainTabBar;
			sourceTree = "<group>";
		};
		83B8866C294CE7F600A50320 /* Profile */ = {
			isa = PBXGroup;
			children = (
				83B8866D294CE85600A50320 /* ProfileView.swift */,
				83B88675294CF2ED00A50320 /* ProfileSwipePromo.swift */,
			);
			path = Profile;
			sourceTree = "<group>";
		};
		83B88674294CEAE200A50320 /* HelperViews */ = {
			isa = PBXGroup;
			children = (
				83B8866F294CE97B00A50320 /* RoundedImage.swift */,
			);
			path = HelperViews;
			sourceTree = "<group>";
		};
		83B88679294D0AB700A50320 /* Model */ = {
			isa = PBXGroup;
			children = (
				83B88677294D0AA900A50320 /* Message.swift */,
				83B8867A294D131900A50320 /* Person.swift */,
				83B8867C294D25B000A50320 /* MessagePreview.swift */,
				83B88691294E43B400A50320 /* User.swift */,
				83CA44A729513403000BDC93 /* Subscription.swift */,
			);
			path = Model;
			sourceTree = "<group>";
		};
		83B88680294D266C00A50320 /* Messages */ = {
			isa = PBXGroup;
			children = (
				83B8867E294D266800A50320 /* MessageView.swift */,
				83B88683294D477000A50320 /* ChatManager.swift */,
				83B88681294D470700A50320 /* ChatView.swift */,
				83B88685294D498D00A50320 /* ChatViewHeader.swift */,
				83B88689294D811A00A50320 /* MessageListView.swift */,
				83B8868B294D814E00A50320 /* MessageListVM.swift */,
				83B8868D294D9AEE00A50320 /* MessageRowView.swift */,
			);
			path = Messages;
			sourceTree = "<group>";
		};
		83B88695294E457500A50320 /* MatchesView */ = {
			isa = PBXGroup;
			children = (
				83B88693294E457000A50320 /* LikesView.swift */,
				83B88696294E49B200A50320 /* PersonSquare.swift */,
				83B88698294EB58800A50320 /* TopPicksView.swift */,
				83B8869A294EB6AE00A50320 /* MatchesView.swift */,
			);
			path = MatchesView;
			sourceTree = "<group>";
		};
		83B8869E2950085700A50320 /* Popups */ = {
			isa = PBXGroup;
			children = (
				83CA44A42951313A000BDC93 /* Purchase */,
			);
			path = Popups;
			sourceTree = "<group>";
		};
		83CA44A42951313A000BDC93 /* Purchase */ = {
			isa = PBXGroup;
			children = (
				83B8869C2950085200A50320 /* PurchasePopup.swift */,
				83CA44A229513133000BDC93 /* PurchaseSwipePromo.swift */,
				83CA44A5295132F9000BDC93 /* PurchaseOptionView.swift */,
			);
			path = Purchase;
			sourceTree = "<group>";
		};
		83CA44AB29513C79000BDC93 /* Extensions */ = {
			isa = PBXGroup;
			children = (
				83B88667294BE7E800A50320 /* Extensions.swift */,
				83CA44A929513C72000BDC93 /* RoundedCorner.swift */,
			);
			path = Extensions;
			sourceTree = "<group>";
		};
/* End PBXGroup section */

/* Begin PBXNativeTarget section */
		83B8864F294BD9E700A50320 /* Tinder Clone */ = {
			isa = PBXNativeTarget;
			buildConfigurationList = 83B8865E294BD9EA00A50320 /* Build configuration list for PBXNativeTarget "Tinder Clone" */;
			buildPhases = (
				83B8864C294BD9E700A50320 /* Sources */,
				83B8864D294BD9E700A50320 /* Frameworks */,
				83B8864E294BD9E700A50320 /* Resources */,
			);
			buildRules = (
			);
			dependencies = (
			);
			name = "Tinder Clone";
			packageProductDependencies = (
				83B88672294CE9C000A50320 /* Kingfisher */,
			);
			productName = "Tinder Clone";
			productReference = 83B88650294BD9E700A50320 /* Tinder Clone.app */;
			productType = "com.apple.product-type.application";
		};
/* End PBXNativeTarget section */

/* Begin PBXProject section */
		83B88648294BD9E700A50320 /* Project object */ = {
			isa = PBXProject;
			attributes = {
				BuildIndependentTargetsInParallel = 1;
				LastSwiftUpdateCheck = 1420;
				LastUpgradeCheck = 1420;
				TargetAttributes = {
					83B8864F294BD9E700A50320 = {
						CreatedOnToolsVersion = 14.2;
					};
				};
			};
			buildConfigurationList = 83B8864B294BD9E700A50320 /* Build configuration list for PBXProject "Tinder Clone" */;
			compatibilityVersion = "Xcode 14.0";
			developmentRegion = en;
			hasScannedForEncodings = 0;
			knownRegions = (
				en,
				Base,
			);
			mainGroup = 83B88647294BD9E700A50320;
			packageReferences = (
				83B88671294CE9C000A50320 /* XCRemoteSwiftPackageReference "Kingfisher" */,
			);
			productRefGroup = 83B88651294BD9E700A50320 /* Products */;
			projectDirPath = "";
			projectRoot = "";
			targets = (
				83B8864F294BD9E700A50320 /* Tinder Clone */,
			);
		};
/* End PBXProject section */

/* Begin PBXResourcesBuildPhase section */
		83B8864E294BD9E700A50320 /* Resources */ = {
			isa = PBXResourcesBuildPhase;
			buildActionMask = 2147483647;
			files = (
				83B8865B294BD9EA00A50320 /* Preview Assets.xcassets in Resources */,
				83B88658294BD9EA00A50320 /* Assets.xcassets in Resources */,
			);
			runOnlyForDeploymentPostprocessing = 0;
		};
/* End PBXResourcesBuildPhase section */

/* Begin PBXSourcesBuildPhase section */
		83B8864C294BD9E700A50320 /* Sources */ = {
			isa = PBXSourcesBuildPhase;
			buildActionMask = 2147483647;
			files = (
				83B88684294D477000A50320 /* ChatManager.swift in Sources */,
				83B8868A294D811A00A50320 /* MessageListView.swift in Sources */,
				83B88664294BE28100A50320 /* TabBarButtonView.swift in Sources */,
				83B88697294E49B200A50320 /* PersonSquare.swift in Sources */,
				83B88670294CE97B00A50320 /* RoundedImage.swift in Sources */,
				83B8869D2950085200A50320 /* PurchasePopup.swift in Sources */,
				83B88686294D498D00A50320 /* ChatViewHeader.swift in Sources */,
				83B8869B294EB6AE00A50320 /* MatchesView.swift in Sources */,
				83B8868E294D9AEE00A50320 /* MessageRowView.swift in Sources */,
				83B88668294BE7E800A50320 /* Extensions.swift in Sources */,
				83B8868C294D814E00A50320 /* MessageListVM.swift in Sources */,
				83B88656294BD9E700A50320 /* ContentView.swift in Sources */,
				83CA44AA29513C72000BDC93 /* RoundedCorner.swift in Sources */,
				83CA44A829513403000BDC93 /* Subscription.swift in Sources */,
				83B88682294D470700A50320 /* ChatView.swift in Sources */,
				83B8867B294D131900A50320 /* Person.swift in Sources */,
				83B8867F294D266800A50320 /* MessageView.swift in Sources */,
				83B88676294CF2ED00A50320 /* ProfileSwipePromo.swift in Sources */,
				83B88662294BE06500A50320 /* MainView.swift in Sources */,
				83B88654294BD9E700A50320 /* Tinder_CloneApp.swift in Sources */,
				83CA44A6295132F9000BDC93 /* PurchaseOptionView.swift in Sources */,
				83B88678294D0AA900A50320 /* Message.swift in Sources */,
				83CA44A329513133000BDC93 /* PurchaseSwipePromo.swift in Sources */,
				83B8866E294CE85600A50320 /* ProfileView.swift in Sources */,
				83B88694294E457000A50320 /* LikesView.swift in Sources */,
				83B88666294BE60900A50320 /* AppStateManager.swift in Sources */,
				83B88690294E436300A50320 /* UserManager.swift in Sources */,
				83B88699294EB58800A50320 /* TopPicksView.swift in Sources */,
				83B8867D294D25B000A50320 /* MessagePreview.swift in Sources */,
				83B88692294E43B400A50320 /* User.swift in Sources */,
			);
			runOnlyForDeploymentPostprocessing = 0;
		};
/* End PBXSourcesBuildPhase section */

/* Begin XCBuildConfiguration section */
		83B8865C294BD9EA00A50320 /* Debug */ = {
			isa = XCBuildConfiguration;
			buildSettings = {
				ALWAYS_SEARCH_USER_PATHS = NO;
				CLANG_ANALYZER_NONNULL = YES;
				CLANG_ANALYZER_NUMBER_OBJECT_CONVERSION = YES_AGGRESSIVE;
				CLANG_CXX_LANGUAGE_STANDARD = "gnu++20";
				CLANG_ENABLE_MODULES = YES;
				CLANG_ENABLE_OBJC_ARC = YES;
				CLANG_ENABLE_OBJC_WEAK = YES;
				CLANG_WARN_BLOCK_CAPTURE_AUTORELEASING = YES;
				CLANG_WARN_BOOL_CONVERSION = YES;
				CLANG_WARN_COMMA = YES;
				CLANG_WARN_CONSTANT_CONVERSION = YES;
				CLANG_WARN_DEPRECATED_OBJC_IMPLEMENTATIONS = YES;
				CLANG_WARN_DIRECT_OBJC_ISA_USAGE = YES_ERROR;
				CLANG_WARN_DOCUMENTATION_COMMENTS = YES;
				CLANG_WARN_EMPTY_BODY = YES;
				CLANG_WARN_ENUM_CONVERSION = YES;
				CLANG_WARN_INFINITE_RECURSION = YES;
				CLANG_WARN_INT_CONVERSION = YES;
				CLANG_WARN_NON_LITERAL_NULL_CONVERSION = YES;
				CLANG_WARN_OBJC_IMPLICIT_RETAIN_SELF = YES;
				CLANG_WARN_OBJC_LITERAL_CONVERSION = YES;
				CLANG_WARN_OBJC_ROOT_CLASS = YES_ERROR;
				CLANG_WARN_QUOTED_INCLUDE_IN_FRAMEWORK_HEADER = YES;
				CLANG_WARN_RANGE_LOOP_ANALYSIS = YES;
				CLANG_WARN_STRICT_PROTOTYPES = YES;
				CLANG_WARN_SUSPICIOUS_MOVE = YES;
				CLANG_WARN_UNGUARDED_AVAILABILITY = YES_AGGRESSIVE;
				CLANG_WARN_UNREACHABLE_CODE = YES;
				CLANG_WARN__DUPLICATE_METHOD_MATCH = YES;
				COPY_PHASE_STRIP = NO;
				DEBUG_INFORMATION_FORMAT = dwarf;
				ENABLE_STRICT_OBJC_MSGSEND = YES;
				ENABLE_TESTABILITY = YES;
				GCC_C_LANGUAGE_STANDARD = gnu11;
				GCC_DYNAMIC_NO_PIC = NO;
				GCC_NO_COMMON_BLOCKS = YES;
				GCC_OPTIMIZATION_LEVEL = 0;
				GCC_PREPROCESSOR_DEFINITIONS = (
					"DEBUG=1",
					"$(inherited)",
				);
				GCC_WARN_64_TO_32_BIT_CONVERSION = YES;
				GCC_WARN_ABOUT_RETURN_TYPE = YES_ERROR;
				GCC_WARN_UNDECLARED_SELECTOR = YES;
				GCC_WARN_UNINITIALIZED_AUTOS = YES_AGGRESSIVE;
				GCC_WARN_UNUSED_FUNCTION = YES;
				GCC_WARN_UNUSED_VARIABLE = YES;
				IPHONEOS_DEPLOYMENT_TARGET = 16.2;
				MTL_ENABLE_DEBUG_INFO = INCLUDE_SOURCE;
				MTL_FAST_MATH = YES;
				ONLY_ACTIVE_ARCH = YES;
				SDKROOT = iphoneos;
				SWIFT_ACTIVE_COMPILATION_CONDITIONS = DEBUG;
				SWIFT_OPTIMIZATION_LEVEL = "-Onone";
			};
			name = Debug;
		};
		83B8865D294BD9EA00A50320 /* Release */ = {
			isa = XCBuildConfiguration;
			buildSettings = {
				ALWAYS_SEARCH_USER_PATHS = NO;
				CLANG_ANALYZER_NONNULL = YES;
				CLANG_ANALYZER_NUMBER_OBJECT_CONVERSION = YES_AGGRESSIVE;
				CLANG_CXX_LANGUAGE_STANDARD = "gnu++20";
				CLANG_ENABLE_MODULES = YES;
				CLANG_ENABLE_OBJC_ARC = YES;
				CLANG_ENABLE_OBJC_WEAK = YES;
				CLANG_WARN_BLOCK_CAPTURE_AUTORELEASING = YES;
				CLANG_WARN_BOOL_CONVERSION = YES;
				CLANG_WARN_COMMA = YES;
				CLANG_WARN_CONSTANT_CONVERSION = YES;
				CLANG_WARN_DEPRECATED_OBJC_IMPLEMENTATIONS = YES;
				CLANG_WARN_DIRECT_OBJC_ISA_USAGE = YES_ERROR;
				CLANG_WARN_DOCUMENTATION_COMMENTS = YES;
				CLANG_WARN_EMPTY_BODY = YES;
				CLANG_WARN_ENUM_CONVERSION = YES;
				CLANG_WARN_INFINITE_RECURSION = YES;
				CLANG_WARN_INT_CONVERSION = YES;
				CLANG_WARN_NON_LITERAL_NULL_CONVERSION = YES;
				CLANG_WARN_OBJC_IMPLICIT_RETAIN_SELF = YES;
				CLANG_WARN_OBJC_LITERAL_CONVERSION = YES;
				CLANG_WARN_OBJC_ROOT_CLASS = YES_ERROR;
				CLANG_WARN_QUOTED_INCLUDE_IN_FRAMEWORK_HEADER = YES;
				CLANG_WARN_RANGE_LOOP_ANALYSIS = YES;
				CLANG_WARN_STRICT_PROTOTYPES = YES;
				CLANG_WARN_SUSPICIOUS_MOVE = YES;
				CLANG_WARN_UNGUARDED_AVAILABILITY = YES_AGGRESSIVE;
				CLANG_WARN_UNREACHABLE_CODE = YES;
				CLANG_WARN__DUPLICATE_METHOD_MATCH = YES;
				COPY_PHASE_STRIP = NO;
				DEBUG_INFORMATION_FORMAT = "dwarf-with-dsym";
				ENABLE_NS_ASSERTIONS = NO;
				ENABLE_STRICT_OBJC_MSGSEND = YES;
				GCC_C_LANGUAGE_STANDARD = gnu11;
				GCC_NO_COMMON_BLOCKS = YES;
				GCC_WARN_64_TO_32_BIT_CONVERSION = YES;
				GCC_WARN_ABOUT_RETURN_TYPE = YES_ERROR;
				GCC_WARN_UNDECLARED_SELECTOR = YES;
				GCC_WARN_UNINITIALIZED_AUTOS = YES_AGGRESSIVE;
				GCC_WARN_UNUSED_FUNCTION = YES;
				GCC_WARN_UNUSED_VARIABLE = YES;
				IPHONEOS_DEPLOYMENT_TARGET = 16.2;
				MTL_ENABLE_DEBUG_INFO = NO;
				MTL_FAST_MATH = YES;
				SDKROOT = iphoneos;
				SWIFT_COMPILATION_MODE = wholemodule;
				SWIFT_OPTIMIZATION_LEVEL = "-O";
				VALIDATE_PRODUCT = YES;
			};
			name = Release;
		};
		83B8865F294BD9EA00A50320 /* Debug */ = {
			isa = XCBuildConfiguration;
			buildSettings = {
				ASSETCATALOG_COMPILER_APPICON_NAME = AppIcon;
				ASSETCATALOG_COMPILER_GLOBAL_ACCENT_COLOR_NAME = AccentColor;
				CODE_SIGN_STYLE = Automatic;
				CURRENT_PROJECT_VERSION = 1;
				DEVELOPMENT_ASSET_PATHS = "\"Tinder Clone/Preview Content\"";
				DEVELOPMENT_TEAM = QNXV57SQKM;
				ENABLE_PREVIEWS = YES;
				GENERATE_INFOPLIST_FILE = YES;
				INFOPLIST_KEY_UIApplicationSceneManifest_Generation = YES;
				INFOPLIST_KEY_UIApplicationSupportsIndirectInputEvents = YES;
				INFOPLIST_KEY_UILaunchScreen_Generation = YES;
				INFOPLIST_KEY_UISupportedInterfaceOrientations_iPad = "UIInterfaceOrientationPortrait UIInterfaceOrientationPortraitUpsideDown UIInterfaceOrientationLandscapeLeft UIInterfaceOrientationLandscapeRight";
				INFOPLIST_KEY_UISupportedInterfaceOrientations_iPhone = "UIInterfaceOrientationPortrait UIInterfaceOrientationLandscapeLeft UIInterfaceOrientationLandscapeRight";
				IPHONEOS_DEPLOYMENT_TARGET = 15.0;
				LD_RUNPATH_SEARCH_PATHS = (
					"$(inherited)",
					"@executable_path/Frameworks",
				);
				MARKETING_VERSION = 1.0;
				PRODUCT_BUNDLE_IDENTIFIER = "com.sannideveloper.Tinder-Clone";
				PRODUCT_NAME = "$(TARGET_NAME)";
				SWIFT_EMIT_LOC_STRINGS = YES;
				SWIFT_VERSION = 5.0;
				TARGETED_DEVICE_FAMILY = "1,2";
			};
			name = Debug;
		};
		83B88660294BD9EA00A50320 /* Release */ = {
			isa = XCBuildConfiguration;
			buildSettings = {
				ASSETCATALOG_COMPILER_APPICON_NAME = AppIcon;
				ASSETCATALOG_COMPILER_GLOBAL_ACCENT_COLOR_NAME = AccentColor;
				CODE_SIGN_STYLE = Automatic;
				CURRENT_PROJECT_VERSION = 1;
				DEVELOPMENT_ASSET_PATHS = "\"Tinder Clone/Preview Content\"";
				DEVELOPMENT_TEAM = QNXV57SQKM;
				ENABLE_PREVIEWS = YES;
				GENERATE_INFOPLIST_FILE = YES;
				INFOPLIST_KEY_UIApplicationSceneManifest_Generation = YES;
				INFOPLIST_KEY_UIApplicationSupportsIndirectInputEvents = YES;
				INFOPLIST_KEY_UILaunchScreen_Generation = YES;
				INFOPLIST_KEY_UISupportedInterfaceOrientations_iPad = "UIInterfaceOrientationPortrait UIInterfaceOrientationPortraitUpsideDown UIInterfaceOrientationLandscapeLeft UIInterfaceOrientationLandscapeRight";
				INFOPLIST_KEY_UISupportedInterfaceOrientations_iPhone = "UIInterfaceOrientationPortrait UIInterfaceOrientationLandscapeLeft UIInterfaceOrientationLandscapeRight";
				IPHONEOS_DEPLOYMENT_TARGET = 15.0;
				LD_RUNPATH_SEARCH_PATHS = (
					"$(inherited)",
					"@executable_path/Frameworks",
				);
				MARKETING_VERSION = 1.0;
				PRODUCT_BUNDLE_IDENTIFIER = "com.sannideveloper.Tinder-Clone";
				PRODUCT_NAME = "$(TARGET_NAME)";
				SWIFT_EMIT_LOC_STRINGS = YES;
				SWIFT_VERSION = 5.0;
				TARGETED_DEVICE_FAMILY = "1,2";
			};
			name = Release;
		};
/* End XCBuildConfiguration section */

/* Begin XCConfigurationList section */
		83B8864B294BD9E700A50320 /* Build configuration list for PBXProject "Tinder Clone" */ = {
			isa = XCConfigurationList;
			buildConfigurations = (
				83B8865C294BD9EA00A50320 /* Debug */,
				83B8865D294BD9EA00A50320 /* Release */,
			);
			defaultConfigurationIsVisible = 0;
			defaultConfigurationName = Release;
		};
		83B8865E294BD9EA00A50320 /* Build configuration list for PBXNativeTarget "Tinder Clone" */ = {
			isa = XCConfigurationList;
			buildConfigurations = (
				83B8865F294BD9EA00A50320 /* Debug */,
				83B88660294BD9EA00A50320 /* Release */,
			);
			defaultConfigurationIsVisible = 0;
			defaultConfigurationName = Release;
		};
/* End XCConfigurationList section */

/* Begin XCRemoteSwiftPackageReference section */
		83B88671294CE9C000A50320 /* XCRemoteSwiftPackageReference "Kingfisher" */ = {
			isa = XCRemoteSwiftPackageReference;
			repositoryURL = "https://github.com/onevcat/Kingfisher.git";
			requirement = {
				kind = upToNextMajorVersion;
				minimumVersion = 7.0.0;
			};
		};
/* End XCRemoteSwiftPackageReference section */

/* Begin XCSwiftPackageProductDependency section */
		83B88672294CE9C000A50320 /* Kingfisher */ = {
			isa = XCSwiftPackageProductDependency;
			package = 83B88671294CE9C000A50320 /* XCRemoteSwiftPackageReference "Kingfisher" */;
			productName = Kingfisher;
		};
/* End XCSwiftPackageProductDependency section */
	};
	rootObject = 83B88648294BD9E700A50320 /* Project object */;
}
